
Microsoft Visual Studio Solution File, Format Version 12.00
# Visual Studio 14
VisualStudioVersion = 14.0.23107.0
MinimumVisualStudioVersion = 10.0.40219.1
Project("{FAE04EC0-301F-11D3-BF4B-00C04F79EFBC}") = "TK_BLINK_LASER_PIR", "TK_BLINK_LASER\TK_BLINK_LASER_PIR.csproj", "{FB390B66-20D1-4CE3-BEA9-51ECD7C56C2C}"
EndProject
Global
	GlobalSection(SolutionConfigurationPlatforms) = preSolution
		Debug|ARM = Debug|ARM
		Debug|x64 = Debug|x64
		Debug|x86 = Debug|x86
		Release|ARM = Release|ARM
		Release|x64 = Release|x64
		Release|x86 = Release|x86
	EndGlobalSection
	GlobalSection(ProjectConfigurationPlatforms) = postSolution
		{FB390B66-20D1-4CE3-BEA9-51ECD7C56C2C}.Debug|ARM.ActiveCfg = Debug|ARM
		{FB390B66-20D1-4CE3-BEA9-51ECD7C56C2C}.Debug|ARM.Build.0 = Debug|ARM
		{FB390B66-20D1-4CE3-BEA9-51ECD7C56C2C}.Debug|ARM.Deploy.0 = Debug|ARM
		{FB390B66-20D1-4CE3-BEA9-51ECD7C56C2C}.Debug|x64.ActiveCfg = Debug|x64
		{FB390B66-20D1-4CE3-BEA9-51ECD7C56C2C}.Debug|x64.Build.0 = Debug|x64
		{FB390B66-20D1-4CE3-BEA9-51ECD7C56C2C}.Debug|x64.Deploy.0 = Debug|x64
		{FB390B66-20D1-4CE3-BEA9-51ECD7C56C2C}.Debug|x86.ActiveCfg = Debug|x86
		{FB390B66-20D1-4CE3-BEA9-51ECD7C56C2C}.Debug|x86.Build.0 = Debug|x86
		{FB390B66-20D1-4CE3-BEA9-51ECD7C56C2C}.Debug|x86.Deploy.0 = Debug|x86
		{FB390B66-20D1-4CE3-BEA9-51ECD7C56C2C}.Release|ARM.ActiveCfg = Release|ARM
		{FB390B66-20D1-4CE3-BEA9-51ECD7C56C2C}.Release|ARM.Build.0 = Release|ARM
		{FB390B66-20D1-4CE3-BEA9-51ECD7C56C2C}.Release|ARM.Deploy.0 = Release|ARM
		{FB390B66-20D1-4CE3-BEA9-51ECD7C56C2C}.Release|x64.ActiveCfg = Release|x64
		{FB390B66-20D1-4CE3-BEA9-51ECD7C56C2C}.Release|x64.Build.0 = Release|x64
		{FB390B66-20D1-4CE3-BEA9-51ECD7C56C2C}.Release|x64.Deploy.0 = Release|x64
		{FB390B66-20D1-4CE3-BEA9-51ECD7C56C2C}.Release|x86.ActiveCfg = Release|x86
		{FB390B66-20D1-4CE3-BEA9-51ECD7C56C2C}.Release|x86.Build.0 = Release|x86
		{FB390B66-20D1-4CE3-BEA9-51ECD7C56C2C}.Release|x86.Deploy.0 = Release|x86
	EndGlobalSection
	GlobalSection(SolutionProperties) = preSolution
		HideSolutionNode = FALSE
	EndGlobalSection
EndGlobal
