
Microsoft Visual Studio Solution File, Format Version 12.00
# Visual Studio 14
VisualStudioVersion = 14.0.23107.0
MinimumVisualStudioVersion = 10.0.40219.1
Project("{FAE04EC0-301F-11D3-BF4B-00C04F79EFBC}") = "W10AppIotHub", "W10AppIotHub\W10AppIotHub.csproj", "{723DF354-05B7-466E-86EA-B22EF72EF619}"
EndProject
Project("{FAE04EC0-301F-11D3-BF4B-00C04F79EFBC}") = "W10DesktopApp", "W10DesktopApp\W10DesktopApp.csproj", "{13494FFC-C8FA-4C06-9FF5-4B50F460D976}"
EndProject
Project("{8BC9CEB8-8B4A-11D0-8D11-00A0C91BC942}") = "TK_LCDlcm1602DriverWRC", "..\..\..\TS\VS2015\IoT\TK_LCD\TK_LCDlcm1602DriverWRC\TK_LCDlcm1602DriverWRC.vcxproj", "{1281C6FE-8DF5-4FAD-B750-AEE4DADA5903}"
EndProject
Project("{8BC9CEB8-8B4A-11D0-8D11-00A0C91BC942}") = "CPPHelper", "..\..\..\TS\VS2015\IoT\TK_LCD\CPPHelper\CPPHelper.vcxproj", "{90E99C2F-A839-46A1-A08F-095E45A9DF15}"
EndProject
Global
	GlobalSection(SolutionConfigurationPlatforms) = preSolution
		Debug|ARM = Debug|ARM
		Debug|x64 = Debug|x64
		Debug|x86 = Debug|x86
		Release|ARM = Release|ARM
		Release|x64 = Release|x64
		Release|x86 = Release|x86
	EndGlobalSection
	GlobalSection(ProjectConfigurationPlatforms) = postSolution
		{723DF354-05B7-466E-86EA-B22EF72EF619}.Debug|ARM.ActiveCfg = Debug|ARM
		{723DF354-05B7-466E-86EA-B22EF72EF619}.Debug|ARM.Build.0 = Debug|ARM
		{723DF354-05B7-466E-86EA-B22EF72EF619}.Debug|ARM.Deploy.0 = Debug|ARM
		{723DF354-05B7-466E-86EA-B22EF72EF619}.Debug|x64.ActiveCfg = Debug|x64
		{723DF354-05B7-466E-86EA-B22EF72EF619}.Debug|x64.Build.0 = Debug|x64
		{723DF354-05B7-466E-86EA-B22EF72EF619}.Debug|x64.Deploy.0 = Debug|x64
		{723DF354-05B7-466E-86EA-B22EF72EF619}.Debug|x86.ActiveCfg = Debug|x86
		{723DF354-05B7-466E-86EA-B22EF72EF619}.Debug|x86.Build.0 = Debug|x86
		{723DF354-05B7-466E-86EA-B22EF72EF619}.Debug|x86.Deploy.0 = Debug|x86
		{723DF354-05B7-466E-86EA-B22EF72EF619}.Release|ARM.ActiveCfg = Release|ARM
		{723DF354-05B7-466E-86EA-B22EF72EF619}.Release|ARM.Build.0 = Release|ARM
		{723DF354-05B7-466E-86EA-B22EF72EF619}.Release|ARM.Deploy.0 = Release|ARM
		{723DF354-05B7-466E-86EA-B22EF72EF619}.Release|x64.ActiveCfg = Release|x64
		{723DF354-05B7-466E-86EA-B22EF72EF619}.Release|x64.Build.0 = Release|x64
		{723DF354-05B7-466E-86EA-B22EF72EF619}.Release|x64.Deploy.0 = Release|x64
		{723DF354-05B7-466E-86EA-B22EF72EF619}.Release|x86.ActiveCfg = Release|x86
		{723DF354-05B7-466E-86EA-B22EF72EF619}.Release|x86.Build.0 = Release|x86
		{723DF354-05B7-466E-86EA-B22EF72EF619}.Release|x86.Deploy.0 = Release|x86
		{13494FFC-C8FA-4C06-9FF5-4B50F460D976}.Debug|ARM.ActiveCfg = Debug|ARM
		{13494FFC-C8FA-4C06-9FF5-4B50F460D976}.Debug|ARM.Build.0 = Debug|ARM
		{13494FFC-C8FA-4C06-9FF5-4B50F460D976}.Debug|ARM.Deploy.0 = Debug|ARM
		{13494FFC-C8FA-4C06-9FF5-4B50F460D976}.Debug|x64.ActiveCfg = Debug|x64
		{13494FFC-C8FA-4C06-9FF5-4B50F460D976}.Debug|x64.Build.0 = Debug|x64
		{13494FFC-C8FA-4C06-9FF5-4B50F460D976}.Debug|x64.Deploy.0 = Debug|x64
		{13494FFC-C8FA-4C06-9FF5-4B50F460D976}.Debug|x86.ActiveCfg = Debug|x86
		{13494FFC-C8FA-4C06-9FF5-4B50F460D976}.Debug|x86.Build.0 = Debug|x86
		{13494FFC-C8FA-4C06-9FF5-4B50F460D976}.Debug|x86.Deploy.0 = Debug|x86
		{13494FFC-C8FA-4C06-9FF5-4B50F460D976}.Release|ARM.ActiveCfg = Release|ARM
		{13494FFC-C8FA-4C06-9FF5-4B50F460D976}.Release|ARM.Build.0 = Release|ARM
		{13494FFC-C8FA-4C06-9FF5-4B50F460D976}.Release|ARM.Deploy.0 = Release|ARM
		{13494FFC-C8FA-4C06-9FF5-4B50F460D976}.Release|x64.ActiveCfg = Release|x64
		{13494FFC-C8FA-4C06-9FF5-4B50F460D976}.Release|x64.Build.0 = Release|x64
		{13494FFC-C8FA-4C06-9FF5-4B50F460D976}.Release|x64.Deploy.0 = Release|x64
		{13494FFC-C8FA-4C06-9FF5-4B50F460D976}.Release|x86.ActiveCfg = Release|x86
		{13494FFC-C8FA-4C06-9FF5-4B50F460D976}.Release|x86.Build.0 = Release|x86
		{13494FFC-C8FA-4C06-9FF5-4B50F460D976}.Release|x86.Deploy.0 = Release|x86
		{1281C6FE-8DF5-4FAD-B750-AEE4DADA5903}.Debug|ARM.ActiveCfg = Debug|ARM
		{1281C6FE-8DF5-4FAD-B750-AEE4DADA5903}.Debug|ARM.Build.0 = Debug|ARM
		{1281C6FE-8DF5-4FAD-B750-AEE4DADA5903}.Debug|x64.ActiveCfg = Debug|x64
		{1281C6FE-8DF5-4FAD-B750-AEE4DADA5903}.Debug|x64.Build.0 = Debug|x64
		{1281C6FE-8DF5-4FAD-B750-AEE4DADA5903}.Debug|x86.ActiveCfg = Debug|Win32
		{1281C6FE-8DF5-4FAD-B750-AEE4DADA5903}.Debug|x86.Build.0 = Debug|Win32
		{1281C6FE-8DF5-4FAD-B750-AEE4DADA5903}.Release|ARM.ActiveCfg = Release|ARM
		{1281C6FE-8DF5-4FAD-B750-AEE4DADA5903}.Release|ARM.Build.0 = Release|ARM
		{1281C6FE-8DF5-4FAD-B750-AEE4DADA5903}.Release|x64.ActiveCfg = Release|x64
		{1281C6FE-8DF5-4FAD-B750-AEE4DADA5903}.Release|x64.Build.0 = Release|x64
		{1281C6FE-8DF5-4FAD-B750-AEE4DADA5903}.Release|x86.ActiveCfg = Release|Win32
		{1281C6FE-8DF5-4FAD-B750-AEE4DADA5903}.Release|x86.Build.0 = Release|Win32
		{90E99C2F-A839-46A1-A08F-095E45A9DF15}.Debug|ARM.ActiveCfg = Debug|ARM
		{90E99C2F-A839-46A1-A08F-095E45A9DF15}.Debug|ARM.Build.0 = Debug|ARM
		{90E99C2F-A839-46A1-A08F-095E45A9DF15}.Debug|x64.ActiveCfg = Debug|x64
		{90E99C2F-A839-46A1-A08F-095E45A9DF15}.Debug|x64.Build.0 = Debug|x64
		{90E99C2F-A839-46A1-A08F-095E45A9DF15}.Debug|x86.ActiveCfg = Debug|Win32
		{90E99C2F-A839-46A1-A08F-095E45A9DF15}.Debug|x86.Build.0 = Debug|Win32
		{90E99C2F-A839-46A1-A08F-095E45A9DF15}.Release|ARM.ActiveCfg = Release|ARM
		{90E99C2F-A839-46A1-A08F-095E45A9DF15}.Release|ARM.Build.0 = Release|ARM
		{90E99C2F-A839-46A1-A08F-095E45A9DF15}.Release|x64.ActiveCfg = Release|x64
		{90E99C2F-A839-46A1-A08F-095E45A9DF15}.Release|x64.Build.0 = Release|x64
		{90E99C2F-A839-46A1-A08F-095E45A9DF15}.Release|x86.ActiveCfg = Release|Win32
		{90E99C2F-A839-46A1-A08F-095E45A9DF15}.Release|x86.Build.0 = Release|Win32
	EndGlobalSection
	GlobalSection(SolutionProperties) = preSolution
		HideSolutionNode = FALSE
	EndGlobalSection
EndGlobal
